Microsoft Visual Studio Solution File, Format Version 12.00
# Visual Studio Version 17
VisualStudioVersion = 17.5.2.0
MinimumVisualStudioVersion = 10.0.40219.1
Project("{FAE04EC0-301F-11D3-BF4B-00C04F79EFBC}") = "SimpleInventory", "SimpleInventory\SimpleInventory.csproj", "{5C569012-D4E5-6FC8-1FAC-B2E9E2C0F109}"
EndProject
Global
	GlobalSection(SolutionConfigurationPlatforms) = preSolution
		Debug|Any CPU = Debug|Any CPU
		Release|Any CPU = Release|Any CPU
	EndGlobalSection
	GlobalSection(ProjectConfigurationPlatforms) = postSolution
		{5C569012-D4E5-6FC8-1FAC-B2E9E2C0F109}.Debug|Any CPU.ActiveCfg = Debug|Any CPU
		{5C569012-D4E5-6FC8-1FAC-B2E9E2C0F109}.Debug|Any CPU.Build.0 = Debug|Any CPU
		{5C569012-D4E5-6FC8-1FAC-B2E9E2C0F109}.Release|Any CPU.ActiveCfg = Release|Any CPU
		{5C569012-D4E5-6FC8-1FAC-B2E9E2C0F109}.Release|Any CPU.Build.0 = Release|Any CPU
	EndGlobalSection
	GlobalSection(SolutionProperties) = preSolution
		HideSolutionNode = FALSE
	EndGlobalSection
	GlobalSection(ExtensibilityGlobals) = postSolution
		SolutionGuid = {7CADD2E4-8AFE-4167-BB2C-8EAD6846D9B0}
	EndGlobalSection
EndGlobal
